{
    "version": 3,
    "terraform_version": "0.9.8",
    "serial": 4,
    "lineage": "86dadb9d-2e42-4b67-8d41-9bd1c8a90f1e",
    "modules": [
        {
            "path": [
                "root"
            ],
            "outputs": {},
            "resources": {
                "aws_lambda_function.func": {
                    "type": "aws_lambda_function",
                    "depends_on": [
                        "data.terraform_remote_state.infra"
                    ],
                    "primary": {
                        "id": "transcode-video",
                        "attributes": {
                            "arn": "arn:aws:lambda:us-east-1:124434922299:function:transcode-video",
                            "dead_letter_config.#": "0",
                            "description": "",
                            "environment.#": "1",
                            "environment.0.variables.%": "1",
                            "environment.0.variables.PIPELINE_ID": "1497984445737-fiexll",
                            "filename": "func.zip",
                            "function_name": "transcode-video",
                            "handler": "index.handler",
                            "id": "transcode-video",
                            "invoke_arn": "arn:aws:apigateway:us-east-1:lambda:path/2015-03-31/functions/arn:aws:lambda:us-east-1:124434922299:function:transcode-video/invocations",
                            "kms_key_arn": "",
                            "last_modified": "2017-06-20T20:36:43.872+0000",
                            "memory_size": "128",
                            "publish": "false",
                            "qualified_arn": "arn:aws:lambda:us-east-1:124434922299:function:transcode-video:$LATEST",
                            "role": "arn:aws:iam::124434922299:role/lambda-s3-execution-role",
                            "runtime": "nodejs6.10",
                            "source_code_hash": "ozDQcLIco6YA1gL4dhQnc3njjETdEl54FbFHxWNAK3w=",
                            "tags.%": "0",
                            "timeout": "3",
                            "tracing_config.#": "1",
                            "tracing_config.0.mode": "PassThrough",
                            "version": "$LATEST",
                            "vpc_config.#": "0"
                        },
                        "meta": {},
                        "tainted": false
                    },
                    "deposed": [],
                    "provider": ""
                },
                "data.terraform_remote_state.infra": {
                    "type": "terraform_remote_state",
                    "depends_on": [],
                    "primary": {
                        "id": "2017-06-20 20:48:08.888053784 +0000 UTC",
                        "attributes": {
                            "backend": "s3",
                            "config.%": "3",
                            "config.bucket": "tto-terra-state-up-and-running",
                            "config.key": "tto-serverless/terraform.tfstate",
                            "config.region": "us-east-1",
                            "elastictranscoder_pipeline_id": "1497984445737-fiexll",
                            "environment": "default",
                            "id": "2017-06-20 20:48:08.888053784 +0000 UTC",
                            "lambda-s3-execution-role-arn": "arn:aws:iam::124434922299:role/lambda-s3-execution-role",
                            "transcoded_bucket_arn": "arn:aws:s3:::tto-serverless-video-transcoded",
                            "transcoded_bucket_id": "tto-serverless-video-transcoded",
                            "upload_bucket_arn": "arn:aws:s3:::tto-serverless-video-upload",
                            "upload_bucket_id": "tto-serverless-video-upload"
                        },
                        "meta": {},
                        "tainted": false
                    },
                    "deposed": [],
                    "provider": ""
                }
            },
            "depends_on": []
        }
    ]
}
